uuid: 6c58dfcf-f274-4805-93a0-9dcf30a080cd
langcode: en
status: true
dependencies:
  config:
    - views.view.drupal_camp_news
  module:
    - node
    - views
  theme:
    - dcm2017
id: views_block__drupal_camp_news_news_listing_block
theme: dcm2017
region: sidebar_second
weight: -17
provider: null
plugin: 'views_block:drupal_camp_news-news_listing_block'
settings:
  id: 'views_block:drupal_camp_news-news_listing_block'
  label: 'Recent News'
  provider: views
  label_display: visible
  views_label: 'Recent News'
  items_per_page: none
visibility:
  node_type:
    id: node_type
    bundles:
      article: article
      drupal_camp_news: drupal_camp_news
      page: page
    negate: false
    context_mapping:
      node: '@node.node_route_context:node'
